{
  "name": "assets",
  "lockfileVersion": 2,
  "requires": true,
  "packages": {
    "": {
      "dependencies": {
        "@codemirror/lang-python": "^6.0.0",
        "codemirror": "^6.0.0"
      }
    },
    "node_modules/@codemirror/autocomplete": {
      "version": "6.0.2",
      "resolved": "https://registry.npmjs.org/@codemirror/autocomplete/-/autocomplete-6.0.2.tgz",
      "integrity": "sha512-9PDjnllmXan/7Uax87KGORbxerDJ/cu10SB+n4Jz0zXMEvIh3+TGgZxhIvDOtaQ4jDBQEM7kHYW4vLdQB0DGZQ==",
      "dependencies": {
        "@codemirror/language": "^6.0.0",
        "@codemirror/state": "^6.0.0",
        "@codemirror/view": "^6.0.0",
        "@lezer/common": "^1.0.0"
      },
      "peerDependencies": {
        "@codemirror/language": "^6.0.0",
        "@codemirror/state": "^6.0.0",
        "@codemirror/view": "^6.0.0",
        "@lezer/common": "^1.0.0"
      }
    },
    "node_modules/@codemirror/commands": {
      "version": "6.0.0",
      "resolved": "https://registry.npmjs.org/@codemirror/commands/-/commands-6.0.0.tgz",
      "integrity": "sha512-nVJDPiCQXWXj5AZxqNVXyIM3nOYauF4Dko9NGPSwgVdK+lXWJQhI5LGhS/AvdG5b7u7/pTQBkrQmzkLWRBF62A==",
      "dependencies": {
        "@codemirror/language": "^6.0.0",
        "@codemirror/state": "^6.0.0",
        "@codemirror/view": "^6.0.0",
        "@lezer/common": "^1.0.0"
      }
    },
    "node_modules/@codemirror/lang-python": {
      "version": "6.0.0",
      "resolved": "https://registry.npmjs.org/@codemirror/lang-python/-/lang-python-6.0.0.tgz",
      "integrity": "sha512-wI448yup4Y2Xxq/7r3Q4eEmth74ud263ABcexumEFEcoU+0c1k5XRKXp1aT5PrrVavlAKxWQMEvgi+x+HBU4zQ==",
      "dependencies": {
        "@codemirror/language": "^6.0.0",
        "@lezer/python": "^1.0.0"
      }
    },
    "node_modules/@codemirror/language": {
      "version": "6.1.0",
      "resolved": "https://registry.npmjs.org/@codemirror/language/-/language-6.1.0.tgz",
      "integrity": "sha512-CeqY80nvUFrJcXcBW115aNi06D0PS8NSW6nuJRSwbrYFkE0SfJnPfyLGrcM90AV95lqg5+4xUi99BCmzNaPGJg==",
      "dependencies": {
        "@codemirror/state": "^6.0.0",
        "@codemirror/view": "^6.0.0",
        "@lezer/common": "^1.0.0",
        "@lezer/highlight": "^1.0.0",
        "@lezer/lr": "^1.0.0",
        "style-mod": "^4.0.0"
      }
    },
    "node_modules/@codemirror/lint": {
      "version": "6.0.0",
      "resolved": "https://registry.npmjs.org/@codemirror/lint/-/lint-6.0.0.tgz",
      "integrity": "sha512-nUUXcJW1Xp54kNs+a1ToPLK8MadO0rMTnJB8Zk4Z8gBdrN0kqV7uvUraU/T2yqg+grDNR38Vmy/MrhQN/RgwiA==",
      "dependencies": {
        "@codemirror/state": "^6.0.0",
        "@codemirror/view": "^6.0.0",
        "crelt": "^1.0.5"
      }
    },
    "node_modules/@codemirror/search": {
      "version": "6.0.0",
      "resolved": "https://registry.npmjs.org/@codemirror/search/-/search-6.0.0.tgz",
      "integrity": "sha512-rL0rd3AhI0TAsaJPUaEwC63KHLO7KL0Z/dYozXj6E7L3wNHRyx7RfE0/j5HsIf912EE5n2PCb4Vg0rGYmDv4UQ==",
      "dependencies": {
        "@codemirror/state": "^6.0.0",
        "@codemirror/view": "^6.0.0",
        "crelt": "^1.0.5"
      }
    },
    "node_modules/@codemirror/state": {
      "version": "6.0.1",
      "resolved": "https://registry.npmjs.org/@codemirror/state/-/state-6.0.1.tgz",
      "integrity": "sha512-6vYgaXc4KjSY0BUfSVDJooGcoswg/RJZpq/ZGjsUYmY0KN1lmB8u03nv+jiG1ncUV5qoggyxFT5AGD5Ak+5Zrw=="
    },
    "node_modules/@codemirror/view": {
      "version": "6.0.2",
      "resolved": "https://registry.npmjs.org/@codemirror/view/-/view-6.0.2.tgz",
      "integrity": "sha512-mnVT/q1JvKPjpmjXJNeCi/xHyaJ3abGJsumIVpdQ1nE1MXAyHf7GHWt8QpWMUvDiqF0j+inkhVR2OviTdFFX7Q==",
      "dependencies": {
        "@codemirror/state": "^6.0.0",
        "style-mod": "^4.0.0",
        "w3c-keyname": "^2.2.4"
      }
    },
    "node_modules/@lezer/common": {
      "version": "1.0.0",
      "resolved": "https://registry.npmjs.org/@lezer/common/-/common-1.0.0.tgz",
      "integrity": "sha512-ohydQe+Hb+w4oMDvXzs8uuJd2NoA3D8YDcLiuDsLqH+yflDTPEpgCsWI3/6rH5C3BAedtH1/R51dxENldQceEA=="
    },
    "node_modules/@lezer/highlight": {
      "version": "1.0.0",
      "resolved": "https://registry.npmjs.org/@lezer/highlight/-/highlight-1.0.0.tgz",
      "integrity": "sha512-nsCnNtim90UKsB5YxoX65v3GEIw3iCHw9RM2DtdgkiqAbKh9pCdvi8AWNwkYf10Lu6fxNhXPpkpHbW6mihhvJA==",
      "dependencies": {
        "@lezer/common": "^1.0.0"
      }
    },
    "node_modules/@lezer/lr": {
      "version": "1.0.0",
      "resolved": "https://registry.npmjs.org/@lezer/lr/-/lr-1.0.0.tgz",
      "integrity": "sha512-k6DEqBh4HxqO/cVGedb6Ern6LS7K6IOzfydJ5WaqCR26v6UR9sIFyb6PS+5rPUs/mXgnBR/QQCW7RkyjSCMoQA==",
      "dependencies": {
        "@lezer/common": "^1.0.0"
      }
    },
    "node_modules/@lezer/python": {
      "version": "1.0.0",
      "resolved": "https://registry.npmjs.org/@lezer/python/-/python-1.0.0.tgz",
      "integrity": "sha512-UQtDPmNhXxQZ7/Uoh8mR6sckrFzeyrjCkTIy7WQY8Sjdfi8wmr49iPbgsThy1Jy0DDBTnqZRULDngXNJ5AWVqg==",
      "dependencies": {
        "@lezer/highlight": "^1.0.0",
        "@lezer/lr": "^1.0.0"
      }
    },
    "node_modules/codemirror": {
      "version": "6.0.0",
      "resolved": "https://registry.npmjs.org/codemirror/-/codemirror-6.0.0.tgz",
      "integrity": "sha512-c4XR9QtDn+NhKLM2FBsnRn9SFdRH7G6594DYC/fyKKIsTOcdLF0WNWRd+f6kNyd5j1vgYPucbIeq2XkywYCwhA==",
      "dependencies": {
        "@codemirror/autocomplete": "^6.0.0",
        "@codemirror/commands": "^6.0.0",
        "@codemirror/language": "^6.0.0",
        "@codemirror/lint": "^6.0.0",
        "@codemirror/search": "^6.0.0",
        "@codemirror/state": "^6.0.0",
        "@codemirror/view": "^6.0.0"
      }
    },
    "node_modules/crelt": {
      "version": "1.0.5",
      "resolved": "https://registry.npmjs.org/crelt/-/crelt-1.0.5.tgz",
      "integrity": "sha512-+BO9wPPi+DWTDcNYhr/W90myha8ptzftZT+LwcmUbbok0rcP/fequmFYCw8NMoH7pkAZQzU78b3kYrlua5a9eA=="
    },
    "node_modules/style-mod": {
      "version": "4.0.0",
      "resolved": "https://registry.npmjs.org/style-mod/-/style-mod-4.0.0.tgz",
      "integrity": "sha512-OPhtyEjyyN9x3nhPsu76f52yUGXiZcgvsrFVtvTkyGRQJ0XK+GPc6ov1z+lRpbeabka+MYEQxOYRnt5nF30aMw=="
    },
    "node_modules/w3c-keyname": {
      "version": "2.2.4",
      "resolved": "https://registry.npmjs.org/w3c-keyname/-/w3c-keyname-2.2.4.tgz",
      "integrity": "sha512-tOhfEwEzFLJzf6d1ZPkYfGj+FWhIpBux9ppoP3rlclw3Z0BZv3N7b7030Z1kYth+6rDuAsXUFr+d0VE6Ed1ikw=="
    }
  },
  "dependencies": {
    "@codemirror/autocomplete": {
      "version": "6.0.2",
      "resolved": "https://registry.npmjs.org/@codemirror/autocomplete/-/autocomplete-6.0.2.tgz",
      "integrity": "sha512-9PDjnllmXan/7Uax87KGORbxerDJ/cu10SB+n4Jz0zXMEvIh3+TGgZxhIvDOtaQ4jDBQEM7kHYW4vLdQB0DGZQ==",
      "requires": {
        "@codemirror/language": "^6.0.0",
        "@codemirror/state": "^6.0.0",
        "@codemirror/view": "^6.0.0",
        "@lezer/common": "^1.0.0"
      }
    },
    "@codemirror/commands": {
      "version": "6.0.0",
      "resolved": "https://registry.npmjs.org/@codemirror/commands/-/commands-6.0.0.tgz",
      "integrity": "sha512-nVJDPiCQXWXj5AZxqNVXyIM3nOYauF4Dko9NGPSwgVdK+lXWJQhI5LGhS/AvdG5b7u7/pTQBkrQmzkLWRBF62A==",
      "requires": {
        "@codemirror/language": "^6.0.0",
        "@codemirror/state": "^6.0.0",
        "@codemirror/view": "^6.0.0",
        "@lezer/common": "^1.0.0"
      }
    },
    "@codemirror/lang-python": {
      "version": "6.0.0",
      "resolved": "https://registry.npmjs.org/@codemirror/lang-python/-/lang-python-6.0.0.tgz",
      "integrity": "sha512-wI448yup4Y2Xxq/7r3Q4eEmth74ud263ABcexumEFEcoU+0c1k5XRKXp1aT5PrrVavlAKxWQMEvgi+x+HBU4zQ==",
      "requires": {
        "@codemirror/language": "^6.0.0",
        "@lezer/python": "^1.0.0"
      }
    },
    "@codemirror/language": {
      "version": "6.1.0",
      "resolved": "https://registry.npmjs.org/@codemirror/language/-/language-6.1.0.tgz",
      "integrity": "sha512-CeqY80nvUFrJcXcBW115aNi06D0PS8NSW6nuJRSwbrYFkE0SfJnPfyLGrcM90AV95lqg5+4xUi99BCmzNaPGJg==",
      "requires": {
        "@codemirror/state": "^6.0.0",
        "@codemirror/view": "^6.0.0",
        "@lezer/common": "^1.0.0",
        "@lezer/highlight": "^1.0.0",
        "@lezer/lr": "^1.0.0",
        "style-mod": "^4.0.0"
      }
    },
    "@codemirror/lint": {
      "version": "6.0.0",
      "resolved": "https://registry.npmjs.org/@codemirror/lint/-/lint-6.0.0.tgz",
      "integrity": "sha512-nUUXcJW1Xp54kNs+a1ToPLK8MadO0rMTnJB8Zk4Z8gBdrN0kqV7uvUraU/T2yqg+grDNR38Vmy/MrhQN/RgwiA==",
      "requires": {
        "@codemirror/state": "^6.0.0",
        "@codemirror/view": "^6.0.0",
        "crelt": "^1.0.5"
      }
    },
    "@codemirror/search": {
      "version": "6.0.0",
      "resolved": "https://registry.npmjs.org/@codemirror/search/-/search-6.0.0.tgz",
      "integrity": "sha512-rL0rd3AhI0TAsaJPUaEwC63KHLO7KL0Z/dYozXj6E7L3wNHRyx7RfE0/j5HsIf912EE5n2PCb4Vg0rGYmDv4UQ==",
      "requires": {
        "@codemirror/state": "^6.0.0",
        "@codemirror/view": "^6.0.0",
        "crelt": "^1.0.5"
      }
    },
    "@codemirror/state": {
      "version": "6.0.1",
      "resolved": "https://registry.npmjs.org/@codemirror/state/-/state-6.0.1.tgz",
      "integrity": "sha512-6vYgaXc4KjSY0BUfSVDJooGcoswg/RJZpq/ZGjsUYmY0KN1lmB8u03nv+jiG1ncUV5qoggyxFT5AGD5Ak+5Zrw=="
    },
    "@codemirror/view": {
      "version": "6.0.2",
      "resolved": "https://registry.npmjs.org/@codemirror/view/-/view-6.0.2.tgz",
      "integrity": "sha512-mnVT/q1JvKPjpmjXJNeCi/xHyaJ3abGJsumIVpdQ1nE1MXAyHf7GHWt8QpWMUvDiqF0j+inkhVR2OviTdFFX7Q==",
      "requires": {
        "@codemirror/state": "^6.0.0",
        "style-mod": "^4.0.0",
        "w3c-keyname": "^2.2.4"
      }
    },
    "@lezer/common": {
      "version": "1.0.0",
      "resolved": "https://registry.npmjs.org/@lezer/common/-/common-1.0.0.tgz",
      "integrity": "sha512-ohydQe+Hb+w4oMDvXzs8uuJd2NoA3D8YDcLiuDsLqH+yflDTPEpgCsWI3/6rH5C3BAedtH1/R51dxENldQceEA=="
    },
    "@lezer/highlight": {
      "version": "1.0.0",
      "resolved": "https://registry.npmjs.org/@lezer/highlight/-/highlight-1.0.0.tgz",
      "integrity": "sha512-nsCnNtim90UKsB5YxoX65v3GEIw3iCHw9RM2DtdgkiqAbKh9pCdvi8AWNwkYf10Lu6fxNhXPpkpHbW6mihhvJA==",
      "requires": {
        "@lezer/common": "^1.0.0"
      }
    },
    "@lezer/lr": {
      "version": "1.0.0",
      "resolved": "https://registry.npmjs.org/@lezer/lr/-/lr-1.0.0.tgz",
      "integrity": "sha512-k6DEqBh4HxqO/cVGedb6Ern6LS7K6IOzfydJ5WaqCR26v6UR9sIFyb6PS+5rPUs/mXgnBR/QQCW7RkyjSCMoQA==",
      "requires": {
        "@lezer/common": "^1.0.0"
      }
    },
    "@lezer/python": {
      "version": "1.0.0",
      "resolved": "https://registry.npmjs.org/@lezer/python/-/python-1.0.0.tgz",
      "integrity": "sha512-UQtDPmNhXxQZ7/Uoh8mR6sckrFzeyrjCkTIy7WQY8Sjdfi8wmr49iPbgsThy1Jy0DDBTnqZRULDngXNJ5AWVqg==",
      "requires": {
        "@lezer/highlight": "^1.0.0",
        "@lezer/lr": "^1.0.0"
      }
    },
    "codemirror": {
      "version": "6.0.0",
      "resolved": "https://registry.npmjs.org/codemirror/-/codemirror-6.0.0.tgz",
      "integrity": "sha512-c4XR9QtDn+NhKLM2FBsnRn9SFdRH7G6594DYC/fyKKIsTOcdLF0WNWRd+f6kNyd5j1vgYPucbIeq2XkywYCwhA==",
      "requires": {
        "@codemirror/autocomplete": "^6.0.0",
        "@codemirror/commands": "^6.0.0",
        "@codemirror/language": "^6.0.0",
        "@codemirror/lint": "^6.0.0",
        "@codemirror/search": "^6.0.0",
        "@codemirror/state": "^6.0.0",
        "@codemirror/view": "^6.0.0"
      }
    },
    "crelt": {
      "version": "1.0.5",
      "resolved": "https://registry.npmjs.org/crelt/-/crelt-1.0.5.tgz",
      "integrity": "sha512-+BO9wPPi+DWTDcNYhr/W90myha8ptzftZT+LwcmUbbok0rcP/fequmFYCw8NMoH7pkAZQzU78b3kYrlua5a9eA=="
    },
    "style-mod": {
      "version": "4.0.0",
      "resolved": "https://registry.npmjs.org/style-mod/-/style-mod-4.0.0.tgz",
      "integrity": "sha512-OPhtyEjyyN9x3nhPsu76f52yUGXiZcgvsrFVtvTkyGRQJ0XK+GPc6ov1z+lRpbeabka+MYEQxOYRnt5nF30aMw=="
    },
    "w3c-keyname": {
      "version": "2.2.4",
      "resolved": "https://registry.npmjs.org/w3c-keyname/-/w3c-keyname-2.2.4.tgz",
      "integrity": "sha512-tOhfEwEzFLJzf6d1ZPkYfGj+FWhIpBux9ppoP3rlclw3Z0BZv3N7b7030Z1kYth+6rDuAsXUFr+d0VE6Ed1ikw=="
    }
  }
}
